// !$*UTF8*$!
{
	archiveVersion = 1;
	classes = {
	};
	objectVersion = 50;
	objects = {

/* Begin PBXBuildFile section */
		B42155B324F92A8D00B04454 /* AppDelegate.swift in Sources */ = {isa = PBXBuildFile; fileRef = B42155B224F92A8D00B04454 /* AppDelegate.swift */; };
		B42155B524F92A8D00B04454 /* SceneDelegate.swift in Sources */ = {isa = PBXBuildFile; fileRef = B42155B424F92A8D00B04454 /* SceneDelegate.swift */; };
		B42155B724F92A8D00B04454 /* ViewController.swift in Sources */ = {isa = PBXBuildFile; fileRef = B42155B624F92A8D00B04454 /* ViewController.swift */; };
		B42155BA24F92A8D00B04454 /* Main.storyboard in Resources */ = {isa = PBXBuildFile; fileRef = B42155B824F92A8D00B04454 /* Main.storyboard */; };
		B42155BC24F92A9200B04454 /* Assets.xcassets in Resources */ = {isa = PBXBuildFile; fileRef = B42155BB24F92A9200B04454 /* Assets.xcassets */; };
		B42155BF24F92A9200B04454 /* LaunchScreen.storyboard in Resources */ = {isa = PBXBuildFile; fileRef = B42155BD24F92A9200B04454 /* LaunchScreen.storyboard */; };
		B42155C924F92F4600B04454 /* A.wav in Resources */ = {isa = PBXBuildFile; fileRef = B42155C824F92F4600B04454 /* A.wav */; };
		B42155D024F92F5F00B04454 /* C.wav in Resources */ = {isa = PBXBuildFile; fileRef = B42155CA24F92F5E00B04454 /* C.wav */; };
		B42155D124F92F5F00B04454 /* G.wav in Resources */ = {isa = PBXBuildFile; fileRef = B42155CB24F92F5E00B04454 /* G.wav */; };
		B42155D224F92F5F00B04454 /* F.wav in Resources */ = {isa = PBXBuildFile; fileRef = B42155CC24F92F5F00B04454 /* F.wav */; };
		B42155D324F92F5F00B04454 /* B.wav in Resources */ = {isa = PBXBuildFile; fileRef = B42155CD24F92F5F00B04454 /* B.wav */; };
		B42155D424F92F5F00B04454 /* D.wav in Resources */ = {isa = PBXBuildFile; fileRef = B42155CE24F92F5F00B04454 /* D.wav */; };
		B42155D524F92F5F00B04454 /* E.wav in Resources */ = {isa = PBXBuildFile; fileRef = B42155CF24F92F5F00B04454 /* E.wav */; };
/* End PBXBuildFile section */

/* Begin PBXFileReference section */
		B42155AF24F92A8D00B04454 /* Xylophone.app */ = {isa = PBXFileReference; explicitFileType = wrapper.application; includeInIndex = 0; path = Xylophone.app; sourceTree = BUILT_PRODUCTS_DIR; };
		B42155B224F92A8D00B04454 /* AppDelegate.swift */ = {isa = PBXFileReference; lastKnownFileType = sourcecode.swift; path = AppDelegate.swift; sourceTree = "<group>"; };
		B42155B424F92A8D00B04454 /* SceneDelegate.swift */ = {isa = PBXFileReference; lastKnownFileType = sourcecode.swift; path = SceneDelegate.swift; sourceTree = "<group>"; };
		B42155B624F92A8D00B04454 /* ViewController.swift */ = {isa = PBXFileReference; lastKnownFileType = sourcecode.swift; path = ViewController.swift; sourceTree = "<group>"; };
		B42155B924F92A8D00B04454 /* Base */ = {isa = PBXFileReference; lastKnownFileType = file.storyboard; name = Base; path = Base.lproj/Main.storyboard; sourceTree = "<group>"; };
		B42155BB24F92A9200B04454 /* Assets.xcassets */ = {isa = PBXFileReference; lastKnownFileType = folder.assetcatalog; path = Assets.xcassets; sourceTree = "<group>"; };
		B42155BE24F92A9200B04454 /* Base */ = {isa = PBXFileReference; lastKnownFileType = file.storyboard; name = Base; path = Base.lproj/LaunchScreen.storyboard; sourceTree = "<group>"; };
		B42155C024F92A9200B04454 /* Info.plist */ = {isa = PBXFileReference; lastKnownFileType = text.plist.xml; path = Info.plist; sourceTree = "<group>"; };
		B42155C824F92F4600B04454 /* A.wav */ = {isa = PBXFileReference; lastKnownFileType = audio.wav; path = A.wav; sourceTree = "<group>"; };
		B42155CA24F92F5E00B04454 /* C.wav */ = {isa = PBXFileReference; lastKnownFileType = audio.wav; path = C.wav; sourceTree = "<group>"; };
		B42155CB24F92F5E00B04454 /* G.wav */ = {isa = PBXFileReference; lastKnownFileType = audio.wav; path = G.wav; sourceTree = "<group>"; };
		B42155CC24F92F5F00B04454 /* F.wav */ = {isa = PBXFileReference; lastKnownFileType = audio.wav; path = F.wav; sourceTree = "<group>"; };
		B42155CD24F92F5F00B04454 /* B.wav */ = {isa = PBXFileReference; lastKnownFileType = audio.wav; path = B.wav; sourceTree = "<group>"; };
		B42155CE24F92F5F00B04454 /* D.wav */ = {isa = PBXFileReference; lastKnownFileType = audio.wav; path = D.wav; sourceTree = "<group>"; };
		B42155CF24F92F5F00B04454 /* E.wav */ = {isa = PBXFileReference; lastKnownFileType = audio.wav; path = E.wav; sourceTree = "<group>"; };
		B42155D824F932C300B04454 /* README.md */ = {isa = PBXFileReference; lastKnownFileType = net.daringfireball.markdown; path = README.md; sourceTree = "<group>"; };
		B42155D924F934E900B04454 /* HomeScreen.png */ = {isa = PBXFileReference; lastKnownFileType = image.png; path = HomeScreen.png; sourceTree = "<group>"; };
/* End PBXFileReference section */

/* Begin PBXFrameworksBuildPhase section */
		B42155AC24F92A8D00B04454 /* Frameworks */ = {
			isa = PBXFrameworksBuildPhase;
			buildActionMask = 2147483647;
			files = (
			);
			runOnlyForDeploymentPostprocessing = 0;
		};
/* End PBXFrameworksBuildPhase section */

/* Begin PBXGroup section */
		B42155A624F92A8D00B04454 = {
			isa = PBXGroup;
			children = (
				B42155D824F932C300B04454 /* README.md */,
				B42155D924F934E900B04454 /* HomeScreen.png */,
				B42155B124F92A8D00B04454 /* Xylophone */,
				B42155B024F92A8D00B04454 /* Products */,
			);
			sourceTree = "<group>";
		};
		B42155B024F92A8D00B04454 /* Products */ = {
			isa = PBXGroup;
			children = (
				B42155AF24F92A8D00B04454 /* Xylophone.app */,
			);
			name = Products;
			sourceTree = "<group>";
		};
		B42155B124F92A8D00B04454 /* Xylophone */ = {
			isa = PBXGroup;
			children = (
				B42155B224F92A8D00B04454 /* AppDelegate.swift */,
				B42155B424F92A8D00B04454 /* SceneDelegate.swift */,
				B42155B624F92A8D00B04454 /* ViewController.swift */,
				B42155B824F92A8D00B04454 /* Main.storyboard */,
				B42155BB24F92A9200B04454 /* Assets.xcassets */,
				B42155BD24F92A9200B04454 /* LaunchScreen.storyboard */,
				B42155C024F92A9200B04454 /* Info.plist */,
				B42155D724F92F6E00B04454 /* Sounds */,
			);
			path = Xylophone;
			sourceTree = "<group>";
		};
		B42155D724F92F6E00B04454 /* Sounds */ = {
			isa = PBXGroup;
			children = (
				B42155C824F92F4600B04454 /* A.wav */,
				B42155CD24F92F5F00B04454 /* B.wav */,
				B42155CA24F92F5E00B04454 /* C.wav */,
				B42155CE24F92F5F00B04454 /* D.wav */,
				B42155CF24F92F5F00B04454 /* E.wav */,
				B42155CC24F92F5F00B04454 /* F.wav */,
				B42155CB24F92F5E00B04454 /* G.wav */,
			);
			path = Sounds;
			sourceTree = "<group>";
		};
/* End PBXGroup section */

/* Begin PBXNativeTarget section */
		B42155AE24F92A8D00B04454 /* Xylophone */ = {
			isa = PBXNativeTarget;
			buildConfigurationList = B42155C324F92A9200B04454 /* Build configuration list for PBXNativeTarget "Xylophone" */;
			buildPhases = (
				B42155AB24F92A8D00B04454 /* Sources */,
				B42155AC24F92A8D00B04454 /* Frameworks */,
				B42155AD24F92A8D00B04454 /* Resources */,
			);
			buildRules = (
			);
			dependencies = (
			);
			name = Xylophone;
			productName = Xylophone;
			productReference = B42155AF24F92A8D00B04454 /* Xylophone.app */;
			productType = "com.apple.product-type.application";
		};
/* End PBXNativeTarget section */

/* Begin PBXProject section */
		B42155A724F92A8D00B04454 /* Project object */ = {
			isa = PBXProject;
			attributes = {
				LastSwiftUpdateCheck = 1160;
				LastUpgradeCheck = 1160;
				ORGANIZATIONNAME = "Nishant Taneja";
				TargetAttributes = {
					B42155AE24F92A8D00B04454 = {
						CreatedOnToolsVersion = 11.6;
					};
				};
			};
			buildConfigurationList = B42155AA24F92A8D00B04454 /* Build configuration list for PBXProject "Xylophone" */;
			compatibilityVersion = "Xcode 9.3";
			developmentRegion = en;
			hasScannedForEncodings = 0;
			knownRegions = (
				en,
				Base,
			);
			mainGroup = B42155A624F92A8D00B04454;
			productRefGroup = B42155B024F92A8D00B04454 /* Products */;
			projectDirPath = "";
			projectRoot = "";
			targets = (
				B42155AE24F92A8D00B04454 /* Xylophone */,
			);
		};
/* End PBXProject section */

/* Begin PBXResourcesBuildPhase section */
		B42155AD24F92A8D00B04454 /* Resources */ = {
			isa = PBXResourcesBuildPhase;
			buildActionMask = 2147483647;
			files = (
				B42155D524F92F5F00B04454 /* E.wav in Resources */,
				B42155D424F92F5F00B04454 /* D.wav in Resources */,
				B42155D124F92F5F00B04454 /* G.wav in Resources */,
				B42155D224F92F5F00B04454 /* F.wav in Resources */,
				B42155BF24F92A9200B04454 /* LaunchScreen.storyboard in Resources */,
				B42155D324F92F5F00B04454 /* B.wav in Resources */,
				B42155BC24F92A9200B04454 /* Assets.xcassets in Resources */,
				B42155C924F92F4600B04454 /* A.wav in Resources */,
				B42155BA24F92A8D00B04454 /* Main.storyboard in Resources */,
				B42155D024F92F5F00B04454 /* C.wav in Resources */,
			);
			runOnlyForDeploymentPostprocessing = 0;
		};
/* End PBXResourcesBuildPhase section */

/* Begin PBXSourcesBuildPhase section */
		B42155AB24F92A8D00B04454 /* Sources */ = {
			isa = PBXSourcesBuildPhase;
			buildActionMask = 2147483647;
			files = (
				B42155B724F92A8D00B04454 /* ViewController.swift in Sources */,
				B42155B324F92A8D00B04454 /* AppDelegate.swift in Sources */,
				B42155B524F92A8D00B04454 /* SceneDelegate.swift in Sources */,
			);
			runOnlyForDeploymentPostprocessing = 0;
		};
/* End PBXSourcesBuildPhase section */

/* Begin PBXVariantGroup section */
		B42155B824F92A8D00B04454 /* Main.storyboard */ = {
			isa = PBXVariantGroup;
			children = (
				B42155B924F92A8D00B04454 /* Base */,
			);
			name = Main.storyboard;
			sourceTree = "<group>";
		};
		B42155BD24F92A9200B04454 /* LaunchScreen.storyboard */ = {
			isa = PBXVariantGroup;
			children = (
				B42155BE24F92A9200B04454 /* Base */,
			);
			name = LaunchScreen.storyboard;
			sourceTree = "<group>";
		};
/* End PBXVariantGroup section */

/* Begin XCBuildConfiguration section */
		B42155C124F92A9200B04454 /* Debug */ = {
			isa = XCBuildConfiguration;
			buildSettings = {
				ALWAYS_SEARCH_USER_PATHS = NO;
				CLANG_ANALYZER_NONNULL = YES;
				CLANG_ANALYZER_NUMBER_OBJECT_CONVERSION = YES_AGGRESSIVE;
				CLANG_CXX_LANGUAGE_STANDARD = "gnu++14";
				CLANG_CXX_LIBRARY = "libc++";
				CLANG_ENABLE_MODULES = YES;
				CLANG_ENABLE_OBJC_ARC = YES;
				CLANG_ENABLE_OBJC_WEAK = YES;
				CLANG_WARN_BLOCK_CAPTURE_AUTORELEASING = YES;
				CLANG_WARN_BOOL_CONVERSION = YES;
				CLANG_WARN_COMMA = YES;
				CLANG_WARN_CONSTANT_CONVERSION = YES;
				CLANG_WARN_DEPRECATED_OBJC_IMPLEMENTATIONS = YES;
				CLANG_WARN_DIRECT_OBJC_ISA_USAGE = YES_ERROR;
				CLANG_WARN_DOCUMENTATION_COMMENTS = YES;
				CLANG_WARN_EMPTY_BODY = YES;
				CLANG_WARN_ENUM_CONVERSION = YES;
				CLANG_WARN_INFINITE_RECURSION = YES;
				CLANG_WARN_INT_CONVERSION = YES;
				CLANG_WARN_NON_LITERAL_NULL_CONVERSION = YES;
				CLANG_WARN_OBJC_IMPLICIT_RETAIN_SELF = YES;
				CLANG_WARN_OBJC_LITERAL_CONVERSION = YES;
				CLANG_WARN_OBJC_ROOT_CLASS = YES_ERROR;
				CLANG_WARN_RANGE_LOOP_ANALYSIS = YES;
				CLANG_WARN_STRICT_PROTOTYPES = YES;
				CLANG_WARN_SUSPICIOUS_MOVE = YES;
				CLANG_WARN_UNGUARDED_AVAILABILITY = YES_AGGRESSIVE;
				CLANG_WARN_UNREACHABLE_CODE = YES;
				CLANG_WARN__DUPLICATE_METHOD_MATCH = YES;
				COPY_PHASE_STRIP = NO;
				DEBUG_INFORMATION_FORMAT = dwarf;
				ENABLE_STRICT_OBJC_MSGSEND = YES;
				ENABLE_TESTABILITY = YES;
				GCC_C_LANGUAGE_STANDARD = gnu11;
				GCC_DYNAMIC_NO_PIC = NO;
				GCC_NO_COMMON_BLOCKS = YES;
				GCC_OPTIMIZATION_LEVEL = 0;
				GCC_PREPROCESSOR_DEFINITIONS = (
					"DEBUG=1",
					"$(inherited)",
				);
				GCC_WARN_64_TO_32_BIT_CONVERSION = YES;
				GCC_WARN_ABOUT_RETURN_TYPE = YES_ERROR;
				GCC_WARN_UNDECLARED_SELECTOR = YES;
				GCC_WARN_UNINITIALIZED_AUTOS = YES_AGGRESSIVE;
				GCC_WARN_UNUSED_FUNCTION = YES;
				GCC_WARN_UNUSED_VARIABLE = YES;
				IPHONEOS_DEPLOYMENT_TARGET = 13.6;
				MTL_ENABLE_DEBUG_INFO = INCLUDE_SOURCE;
				MTL_FAST_MATH = YES;
				ONLY_ACTIVE_ARCH = YES;
				SDKROOT = iphoneos;
				SWIFT_ACTIVE_COMPILATION_CONDITIONS = DEBUG;
				SWIFT_OPTIMIZATION_LEVEL = "-Onone";
			};
			name = Debug;
		};
		B42155C224F92A9200B04454 /* Release */ = {
			isa = XCBuildConfiguration;
			buildSettings = {
				ALWAYS_SEARCH_USER_PATHS = NO;
				CLANG_ANALYZER_NONNULL = YES;
				CLANG_ANALYZER_NUMBER_OBJECT_CONVERSION = YES_AGGRESSIVE;
				CLANG_CXX_LANGUAGE_STANDARD = "gnu++14";
				CLANG_CXX_LIBRARY = "libc++";
				CLANG_ENABLE_MODULES = YES;
				CLANG_ENABLE_OBJC_ARC = YES;
				CLANG_ENABLE_OBJC_WEAK = YES;
				CLANG_WARN_BLOCK_CAPTURE_AUTORELEASING = YES;
				CLANG_WARN_BOOL_CONVERSION = YES;
				CLANG_WARN_COMMA = YES;
				CLANG_WARN_CONSTANT_CONVERSION = YES;
				CLANG_WARN_DEPRECATED_OBJC_IMPLEMENTATIONS = YES;
				CLANG_WARN_DIRECT_OBJC_ISA_USAGE = YES_ERROR;
				CLANG_WARN_DOCUMENTATION_COMMENTS = YES;
				CLANG_WARN_EMPTY_BODY = YES;
				CLANG_WARN_ENUM_CONVERSION = YES;
				CLANG_WARN_INFINITE_RECURSION = YES;
				CLANG_WARN_INT_CONVERSION = YES;
				CLANG_WARN_NON_LITERAL_NULL_CONVERSION = YES;
				CLANG_WARN_OBJC_IMPLICIT_RETAIN_SELF = YES;
				CLANG_WARN_OBJC_LITERAL_CONVERSION = YES;
				CLANG_WARN_OBJC_ROOT_CLASS = YES_ERROR;
				CLANG_WARN_RANGE_LOOP_ANALYSIS = YES;
				CLANG_WARN_STRICT_PROTOTYPES = YES;
				CLANG_WARN_SUSPICIOUS_MOVE = YES;
				CLANG_WARN_UNGUARDED_AVAILABILITY = YES_AGGRESSIVE;
				CLANG_WARN_UNREACHABLE_CODE = YES;
				CLANG_WARN__DUPLICATE_METHOD_MATCH = YES;
				COPY_PHASE_STRIP = NO;
				DEBUG_INFORMATION_FORMAT = "dwarf-with-dsym";
				ENABLE_NS_ASSERTIONS = NO;
				ENABLE_STRICT_OBJC_MSGSEND = YES;
				GCC_C_LANGUAGE_STANDARD = gnu11;
				GCC_NO_COMMON_BLOCKS = YES;
				GCC_WARN_64_TO_32_BIT_CONVERSION = YES;
				GCC_WARN_ABOUT_RETURN_TYPE = YES_ERROR;
				GCC_WARN_UNDECLARED_SELECTOR = YES;
				GCC_WARN_UNINITIALIZED_AUTOS = YES_AGGRESSIVE;
				GCC_WARN_UNUSED_FUNCTION = YES;
				GCC_WARN_UNUSED_VARIABLE = YES;
				IPHONEOS_DEPLOYMENT_TARGET = 13.6;
				MTL_ENABLE_DEBUG_INFO = NO;
				MTL_FAST_MATH = YES;
				SDKROOT = iphoneos;
				SWIFT_COMPILATION_MODE = wholemodule;
				SWIFT_OPTIMIZATION_LEVEL = "-O";
				VALIDATE_PRODUCT = YES;
			};
			name = Release;
		};
		B42155C424F92A9200B04454 /* Debug */ = {
			isa = XCBuildConfiguration;
			buildSettings = {
				ASSETCATALOG_COMPILER_APPICON_NAME = AppIcon;
				CODE_SIGN_STYLE = Automatic;
				DEVELOPMENT_TEAM = 4YZDJM5F99;
				INFOPLIST_FILE = Xylophone/Info.plist;
				LD_RUNPATH_SEARCH_PATHS = (
					"$(inherited)",
					"@executable_path/Frameworks",
				);
				PRODUCT_BUNDLE_IDENTIFIER = com.nishanttaneja.Xylophone;
				PRODUCT_NAME = "$(TARGET_NAME)";
				SWIFT_VERSION = 5.0;
				TARGETED_DEVICE_FAMILY = "1,2";
			};
			name = Debug;
		};
		B42155C524F92A9200B04454 /* Release */ = {
			isa = XCBuildConfiguration;
			buildSettings = {
				ASSETCATALOG_COMPILER_APPICON_NAME = AppIcon;
				CODE_SIGN_STYLE = Automatic;
				DEVELOPMENT_TEAM = 4YZDJM5F99;
				INFOPLIST_FILE = Xylophone/Info.plist;
				LD_RUNPATH_SEARCH_PATHS = (
					"$(inherited)",
					"@executable_path/Frameworks",
				);
				PRODUCT_BUNDLE_IDENTIFIER = com.nishanttaneja.Xylophone;
				PRODUCT_NAME = "$(TARGET_NAME)";
				SWIFT_VERSION = 5.0;
				TARGETED_DEVICE_FAMILY = "1,2";
			};
			name = Release;
		};
/* End XCBuildConfiguration section */

/* Begin XCConfigurationList section */
		B42155AA24F92A8D00B04454 /* Build configuration list for PBXProject "Xylophone" */ = {
			isa = XCConfigurationList;
			buildConfigurations = (
				B42155C124F92A9200B04454 /* Debug */,
				B42155C224F92A9200B04454 /* Release */,
			);
			defaultConfigurationIsVisible = 0;
			defaultConfigurationName = Release;
		};
		B42155C324F92A9200B04454 /* Build configuration list for PBXNativeTarget "Xylophone" */ = {
			isa = XCConfigurationList;
			buildConfigurations = (
				B42155C424F92A9200B04454 /* Debug */,
				B42155C524F92A9200B04454 /* Release */,
			);
			defaultConfigurationIsVisible = 0;
			defaultConfigurationName = Release;
		};
/* End XCConfigurationList section */
	};
	rootObject = B42155A724F92A8D00B04454 /* Project object */;
}
